Microsoft Visual Studio Solution File, Format Version 9.00
# Visual Studio 2005
Project("{8BC9CEB8-8B4A-11D0-8D11-00A0C91BC942}") = "allhlcexamples", "allhlcexamples.vcproj", "{5CAEEA27-2611-4398-8E10-BF58CA42F3F3}"
	ProjectSection(ProjectDependencies) = postProject
		{25DC2207-299D-4272-9530-B126539BE0E9} = {25DC2207-299D-4272-9530-B126539BE0E9}
		{47753B08-F9F5-409B-9EC2-9135B4508BAF} = {47753B08-F9F5-409B-9EC2-9135B4508BAF}
		{C17AAC18-2DFC-46DE-AF5F-749F6F043DE0} = {C17AAC18-2DFC-46DE-AF5F-749F6F043DE0}
		{70E7B820-4AEB-49EF-93C5-A6BBDF69B76F} = {70E7B820-4AEB-49EF-93C5-A6BBDF69B76F}
		{4116EF37-EBA5-424F-A01B-2D80DB5807E3} = {4116EF37-EBA5-424F-A01B-2D80DB5807E3}
		{E424C58A-BEA8-4801-8A9C-5E976A3FAA5D} = {E424C58A-BEA8-4801-8A9C-5E976A3FAA5D}
		{B4DE42B5-0032-4175-BEEE-F65875360A45} = {B4DE42B5-0032-4175-BEEE-F65875360A45}
		{DB7330C6-D009-4BF7-B85D-656185825950} = {DB7330C6-D009-4BF7-B85D-656185825950}
		{334E19CF-8B74-4067-8303-A398E3F22593} = {334E19CF-8B74-4067-8303-A398E3F22593}
		{4B6CC6F6-C64D-4A1A-BF78-1304AA91D618} = {4B6CC6F6-C64D-4A1A-BF78-1304AA91D618}
	EndProjectSection
EndProject
Project("{8BC9CEB8-8B4A-11D0-8D11-00A0C91BC942}") = "ex_ds1", "..\ex_ds1\ex_ds1.vcproj", "{70E7B820-4AEB-49EF-93C5-A6BBDF69B76F}"
EndProject
Project("{8BC9CEB8-8B4A-11D0-8D11-00A0C91BC942}") = "ex_ds1dll", "..\ex_ds1dll\ex_ds1dll.vcproj", "{C17AAC18-2DFC-46DE-AF5F-749F6F043DE0}"
EndProject
Project("{8BC9CEB8-8B4A-11D0-8D11-00A0C91BC942}") = "ex_image1", "..\ex_image1\ex_image1.vcproj", "{B4DE42B5-0032-4175-BEEE-F65875360A45}"
EndProject
Project("{8BC9CEB8-8B4A-11D0-8D11-00A0C91BC942}") = "ex_image1dll", "..\ex_image1dll\ex_image1dll.vcproj", "{E424C58A-BEA8-4801-8A9C-5E976A3FAA5D}"
EndProject
Project("{8BC9CEB8-8B4A-11D0-8D11-00A0C91BC942}") = "ex_lite1", "..\ex_lite1\ex_lite1.vcproj", "{4B6CC6F6-C64D-4A1A-BF78-1304AA91D618}"
EndProject
Project("{8BC9CEB8-8B4A-11D0-8D11-00A0C91BC942}") = "ex_lite1dll", "..\ex_lite1dll\ex_lite1dll.vcproj", "{DB7330C6-D009-4BF7-B85D-656185825950}"
EndProject
Project("{8BC9CEB8-8B4A-11D0-8D11-00A0C91BC942}") = "ptExampleFL", "..\ptExampleFL\ptExampleFL.vcproj", "{47753B08-F9F5-409B-9EC2-9135B4508BAF}"
EndProject
Project("{8BC9CEB8-8B4A-11D0-8D11-00A0C91BC942}") = "ptExampleFLdll", "..\ptExampleFLdll\ptExampleFLdll.vcproj", "{25DC2207-299D-4272-9530-B126539BE0E9}"
EndProject
Project("{8BC9CEB8-8B4A-11D0-8D11-00A0C91BC942}") = "ex_table01", "..\ex_table01\ex_table01.vcproj", "{334E19CF-8B74-4067-8303-A398E3F22593}"
EndProject
Project("{8BC9CEB8-8B4A-11D0-8D11-00A0C91BC942}") = "ex_table01dll", "..\ex_table01dll\ex_table01dll.vcproj", "{4116EF37-EBA5-424F-A01B-2D80DB5807E3}"
EndProject
Global
	GlobalSection(SolutionConfigurationPlatforms) = preSolution
		Debug|Win32 = Debug|Win32
		Debug|x64 = Debug|x64
		Release|Win32 = Release|Win32
		Release|x64 = Release|x64
	EndGlobalSection
	GlobalSection(ProjectConfigurationPlatforms) = postSolution
		{5CAEEA27-2611-4398-8E10-BF58CA42F3F3}.Debug|Win32.ActiveCfg = Debug|Win32
		{5CAEEA27-2611-4398-8E10-BF58CA42F3F3}.Debug|Win32.Build.0 = Debug|Win32
		{5CAEEA27-2611-4398-8E10-BF58CA42F3F3}.Debug|x64.ActiveCfg = Debug|x64
		{5CAEEA27-2611-4398-8E10-BF58CA42F3F3}.Debug|x64.Build.0 = Debug|x64
		{5CAEEA27-2611-4398-8E10-BF58CA42F3F3}.Release|Win32.ActiveCfg = Release|Win32
		{5CAEEA27-2611-4398-8E10-BF58CA42F3F3}.Release|Win32.Build.0 = Release|Win32
		{5CAEEA27-2611-4398-8E10-BF58CA42F3F3}.Release|x64.ActiveCfg = Release|x64
		{5CAEEA27-2611-4398-8E10-BF58CA42F3F3}.Release|x64.Build.0 = Release|x64
		{70E7B820-4AEB-49EF-93C5-A6BBDF69B76F}.Debug|Win32.ActiveCfg = Debug|Win32
		{70E7B820-4AEB-49EF-93C5-A6BBDF69B76F}.Debug|Win32.Build.0 = Debug|Win32
		{70E7B820-4AEB-49EF-93C5-A6BBDF69B76F}.Debug|x64.ActiveCfg = Debug|x64
		{70E7B820-4AEB-49EF-93C5-A6BBDF69B76F}.Debug|x64.Build.0 = Debug|x64
		{70E7B820-4AEB-49EF-93C5-A6BBDF69B76F}.Release|Win32.ActiveCfg = Release|Win32
		{70E7B820-4AEB-49EF-93C5-A6BBDF69B76F}.Release|Win32.Build.0 = Release|Win32
		{70E7B820-4AEB-49EF-93C5-A6BBDF69B76F}.Release|x64.ActiveCfg = Release|x64
		{70E7B820-4AEB-49EF-93C5-A6BBDF69B76F}.Release|x64.Build.0 = Release|x64
		{C17AAC18-2DFC-46DE-AF5F-749F6F043DE0}.Debug|Win32.ActiveCfg = Debug|Win32
		{C17AAC18-2DFC-46DE-AF5F-749F6F043DE0}.Debug|Win32.Build.0 = Debug|Win32
		{C17AAC18-2DFC-46DE-AF5F-749F6F043DE0}.Debug|x64.ActiveCfg = Debug|x64
		{C17AAC18-2DFC-46DE-AF5F-749F6F043DE0}.Debug|x64.Build.0 = Debug|x64
		{C17AAC18-2DFC-46DE-AF5F-749F6F043DE0}.Release|Win32.ActiveCfg = Release|Win32
		{C17AAC18-2DFC-46DE-AF5F-749F6F043DE0}.Release|Win32.Build.0 = Release|Win32
		{C17AAC18-2DFC-46DE-AF5F-749F6F043DE0}.Release|x64.ActiveCfg = Release|x64
		{C17AAC18-2DFC-46DE-AF5F-749F6F043DE0}.Release|x64.Build.0 = Release|x64
		{B4DE42B5-0032-4175-BEEE-F65875360A45}.Debug|Win32.ActiveCfg = Debug|Win32
		{B4DE42B5-0032-4175-BEEE-F65875360A45}.Debug|Win32.Build.0 = Debug|Win32
		{B4DE42B5-0032-4175-BEEE-F65875360A45}.Debug|x64.ActiveCfg = Debug|x64
		{B4DE42B5-0032-4175-BEEE-F65875360A45}.Debug|x64.Build.0 = Debug|x64
		{B4DE42B5-0032-4175-BEEE-F65875360A45}.Release|Win32.ActiveCfg = Release|Win32
		{B4DE42B5-0032-4175-BEEE-F65875360A45}.Release|Win32.Build.0 = Release|Win32
		{B4DE42B5-0032-4175-BEEE-F65875360A45}.Release|x64.ActiveCfg = Release|x64
		{B4DE42B5-0032-4175-BEEE-F65875360A45}.Release|x64.Build.0 = Release|x64
		{E424C58A-BEA8-4801-8A9C-5E976A3FAA5D}.Debug|Win32.ActiveCfg = Debug|Win32
		{E424C58A-BEA8-4801-8A9C-5E976A3FAA5D}.Debug|Win32.Build.0 = Debug|Win32
		{E424C58A-BEA8-4801-8A9C-5E976A3FAA5D}.Debug|x64.ActiveCfg = Debug|x64
		{E424C58A-BEA8-4801-8A9C-5E976A3FAA5D}.Debug|x64.Build.0 = Debug|x64
		{E424C58A-BEA8-4801-8A9C-5E976A3FAA5D}.Release|Win32.ActiveCfg = Release|Win32
		{E424C58A-BEA8-4801-8A9C-5E976A3FAA5D}.Release|Win32.Build.0 = Release|Win32
		{E424C58A-BEA8-4801-8A9C-5E976A3FAA5D}.Release|x64.ActiveCfg = Release|x64
		{E424C58A-BEA8-4801-8A9C-5E976A3FAA5D}.Release|x64.Build.0 = Release|x64
		{4B6CC6F6-C64D-4A1A-BF78-1304AA91D618}.Debug|Win32.ActiveCfg = Debug|Win32
		{4B6CC6F6-C64D-4A1A-BF78-1304AA91D618}.Debug|Win32.Build.0 = Debug|Win32
		{4B6CC6F6-C64D-4A1A-BF78-1304AA91D618}.Debug|x64.ActiveCfg = Debug|x64
		{4B6CC6F6-C64D-4A1A-BF78-1304AA91D618}.Debug|x64.Build.0 = Debug|x64
		{4B6CC6F6-C64D-4A1A-BF78-1304AA91D618}.Release|Win32.ActiveCfg = Release|Win32
		{4B6CC6F6-C64D-4A1A-BF78-1304AA91D618}.Release|Win32.Build.0 = Release|Win32
		{4B6CC6F6-C64D-4A1A-BF78-1304AA91D618}.Release|x64.ActiveCfg = Release|x64
		{4B6CC6F6-C64D-4A1A-BF78-1304AA91D618}.Release|x64.Build.0 = Release|x64
		{DB7330C6-D009-4BF7-B85D-656185825950}.Debug|Win32.ActiveCfg = Debug|Win32
		{DB7330C6-D009-4BF7-B85D-656185825950}.Debug|Win32.Build.0 = Debug|Win32
		{DB7330C6-D009-4BF7-B85D-656185825950}.Debug|x64.ActiveCfg = Debug|x64
		{DB7330C6-D009-4BF7-B85D-656185825950}.Debug|x64.Build.0 = Debug|x64
		{DB7330C6-D009-4BF7-B85D-656185825950}.Release|Win32.ActiveCfg = Release|Win32
		{DB7330C6-D009-4BF7-B85D-656185825950}.Release|Win32.Build.0 = Release|Win32
		{DB7330C6-D009-4BF7-B85D-656185825950}.Release|x64.ActiveCfg = Release|x64
		{DB7330C6-D009-4BF7-B85D-656185825950}.Release|x64.Build.0 = Release|x64
		{47753B08-F9F5-409B-9EC2-9135B4508BAF}.Debug|Win32.ActiveCfg = Debug|Win32
		{47753B08-F9F5-409B-9EC2-9135B4508BAF}.Debug|Win32.Build.0 = Debug|Win32
		{47753B08-F9F5-409B-9EC2-9135B4508BAF}.Debug|x64.ActiveCfg = Debug|x64
		{47753B08-F9F5-409B-9EC2-9135B4508BAF}.Debug|x64.Build.0 = Debug|x64
		{47753B08-F9F5-409B-9EC2-9135B4508BAF}.Release|Win32.ActiveCfg = Release|Win32
		{47753B08-F9F5-409B-9EC2-9135B4508BAF}.Release|Win32.Build.0 = Release|Win32
		{47753B08-F9F5-409B-9EC2-9135B4508BAF}.Release|x64.ActiveCfg = Release|x64
		{47753B08-F9F5-409B-9EC2-9135B4508BAF}.Release|x64.Build.0 = Release|x64
		{25DC2207-299D-4272-9530-B126539BE0E9}.Debug|Win32.ActiveCfg = Debug|Win32
		{25DC2207-299D-4272-9530-B126539BE0E9}.Debug|Win32.Build.0 = Debug|Win32
		{25DC2207-299D-4272-9530-B126539BE0E9}.Debug|x64.ActiveCfg = Debug|x64
		{25DC2207-299D-4272-9530-B126539BE0E9}.Debug|x64.Build.0 = Debug|x64
		{25DC2207-299D-4272-9530-B126539BE0E9}.Release|Win32.ActiveCfg = Release|Win32
		{25DC2207-299D-4272-9530-B126539BE0E9}.Release|Win32.Build.0 = Release|Win32
		{25DC2207-299D-4272-9530-B126539BE0E9}.Release|x64.ActiveCfg = Release|x64
		{25DC2207-299D-4272-9530-B126539BE0E9}.Release|x64.Build.0 = Release|x64
		{334E19CF-8B74-4067-8303-A398E3F22593}.Debug|Win32.ActiveCfg = Debug|Win32
		{334E19CF-8B74-4067-8303-A398E3F22593}.Debug|Win32.Build.0 = Debug|Win32
		{334E19CF-8B74-4067-8303-A398E3F22593}.Debug|x64.ActiveCfg = Debug|x64
		{334E19CF-8B74-4067-8303-A398E3F22593}.Debug|x64.Build.0 = Debug|x64
		{334E19CF-8B74-4067-8303-A398E3F22593}.Release|Win32.ActiveCfg = Release|Win32
		{334E19CF-8B74-4067-8303-A398E3F22593}.Release|Win32.Build.0 = Release|Win32
		{334E19CF-8B74-4067-8303-A398E3F22593}.Release|x64.ActiveCfg = Release|x64
		{334E19CF-8B74-4067-8303-A398E3F22593}.Release|x64.Build.0 = Release|x64
		{4116EF37-EBA5-424F-A01B-2D80DB5807E3}.Debug|Win32.ActiveCfg = Debug|Win32
		{4116EF37-EBA5-424F-A01B-2D80DB5807E3}.Debug|Win32.Build.0 = Debug|Win32
		{4116EF37-EBA5-424F-A01B-2D80DB5807E3}.Debug|x64.ActiveCfg = Debug|x64
		{4116EF37-EBA5-424F-A01B-2D80DB5807E3}.Debug|x64.Build.0 = Debug|x64
		{4116EF37-EBA5-424F-A01B-2D80DB5807E3}.Release|Win32.ActiveCfg = Release|Win32
		{4116EF37-EBA5-424F-A01B-2D80DB5807E3}.Release|Win32.Build.0 = Release|Win32
		{4116EF37-EBA5-424F-A01B-2D80DB5807E3}.Release|x64.ActiveCfg = Release|x64
		{4116EF37-EBA5-424F-A01B-2D80DB5807E3}.Release|x64.Build.0 = Release|x64
	EndGlobalSection
	GlobalSection(SolutionProperties) = preSolution
		HideSolutionNode = FALSE
	EndGlobalSection
EndGlobal
