Microsoft Visual Studio Solution File, Format Version 8.00
Project("{8BC9CEB8-8B4A-11D0-8D11-00A0C91BC942}") = "H5match_types", "H5match_types.vcproj", "{188C8929-D747-45EC-9D71-AAA58C8C6FC1}"
	ProjectSection(ProjectDependencies) = postProject
	EndProjectSection
EndProject
Global
	GlobalSection(SolutionConfiguration) = preSolution
		Debug = Debug
		Release = Release
	EndGlobalSection
	GlobalSection(ProjectDependencies) = postSolution
	EndGlobalSection
	GlobalSection(ProjectConfiguration) = postSolution
		{188C8929-D747-45EC-9D71-AAA58C8C6FC1}.Debug.ActiveCfg = Debug|Win32
		{188C8929-D747-45EC-9D71-AAA58C8C6FC1}.Debug.Build.0 = Debug|Win32
		{188C8929-D747-45EC-9D71-AAA58C8C6FC1}.Release.ActiveCfg = Release|Win32
		{188C8929-D747-45EC-9D71-AAA58C8C6FC1}.Release.Build.0 = Release|Win32
	EndGlobalSection
	GlobalSection(ExtensibilityGlobals) = postSolution
	EndGlobalSection
	GlobalSection(ExtensibilityAddIns) = postSolution
	EndGlobalSection
EndGlobal
