Microsoft Visual Studio Solution File, Format Version 8.00
Project("{8BC9CEB8-8B4A-11D0-8D11-00A0C91BC942}") = "allcppexamples", "allcppexamples.vcproj", "{27E3886B-0BAC-4E00-8F89-163208E03462}"
	ProjectSection(ProjectDependencies) = postProject
		{562DA812-6FD9-424A-BC3E-044362DC93C1} = {562DA812-6FD9-424A-BC3E-044362DC93C1}
		{051AA0B9-BC9B-4732-BE21-F3949C6A179B} = {051AA0B9-BC9B-4732-BE21-F3949C6A179B}
		{7AABEE0C-3749-49C6-B951-5081BE817897} = {7AABEE0C-3749-49C6-B951-5081BE817897}
		{DA72AC9E-B53E-43B4-A9C1-A1E94F3733CD} = {DA72AC9E-B53E-43B4-A9C1-A1E94F3733CD}
		{AC1F5EA5-2256-4E27-8D56-D9A5AA71F411} = {AC1F5EA5-2256-4E27-8D56-D9A5AA71F411}
		{F144F936-D02D-4859-9FAA-FED36AC8A0C4} = {F144F936-D02D-4859-9FAA-FED36AC8A0C4}
		{1D870142-6627-41ED-95C3-31CF9783FE70} = {1D870142-6627-41ED-95C3-31CF9783FE70}
		{9C900514-5BB2-4BA2-B5DF-5FD8572982DC} = {9C900514-5BB2-4BA2-B5DF-5FD8572982DC}
		{8A70FD1D-7E7E-448B-8F5F-7CF2A414F309} = {8A70FD1D-7E7E-448B-8F5F-7CF2A414F309}
		{C75DC585-7E3D-472D-AB77-EAE48876FA8C} = {C75DC585-7E3D-472D-AB77-EAE48876FA8C}
		{798DE42A-5B27-4B33-B54A-58D45EFD600B} = {798DE42A-5B27-4B33-B54A-58D45EFD600B}
		{1F74A3E0-276B-4A85-BBB0-3421434D5946} = {1F74A3E0-276B-4A85-BBB0-3421434D5946}
		{B187A146-D60D-4587-90F5-A501E4B826A6} = {B187A146-D60D-4587-90F5-A501E4B826A6}
		{8CD35A8A-1D59-4ACE-B684-A7FD9952A45C} = {8CD35A8A-1D59-4ACE-B684-A7FD9952A45C}
	EndProjectSection
EndProject
Project("{8BC9CEB8-8B4A-11D0-8D11-00A0C91BC942}") = "chunkstest", "..\chunkstest\chunkstest.vcproj", "{9C900514-5BB2-4BA2-B5DF-5FD8572982DC}"
	ProjectSection(ProjectDependencies) = postProject
	EndProjectSection
EndProject
Project("{8BC9CEB8-8B4A-11D0-8D11-00A0C91BC942}") = "chunkstestdll", "..\chunkstestdll\chunkstestdll.vcproj", "{1D870142-6627-41ED-95C3-31CF9783FE70}"
	ProjectSection(ProjectDependencies) = postProject
	EndProjectSection
EndProject
Project("{8BC9CEB8-8B4A-11D0-8D11-00A0C91BC942}") = "compoundtest", "..\compoundtest\compoundtest.vcproj", "{8CD35A8A-1D59-4ACE-B684-A7FD9952A45C}"
	ProjectSection(ProjectDependencies) = postProject
	EndProjectSection
EndProject
Project("{8BC9CEB8-8B4A-11D0-8D11-00A0C91BC942}") = "compoundtestdll", "..\compoundtestdll\compoundtestdll.vcproj", "{F144F936-D02D-4859-9FAA-FED36AC8A0C4}"
	ProjectSection(ProjectDependencies) = postProject
	EndProjectSection
EndProject
Project("{8BC9CEB8-8B4A-11D0-8D11-00A0C91BC942}") = "createtest", "..\createtest\createtest.vcproj", "{B187A146-D60D-4587-90F5-A501E4B826A6}"
	ProjectSection(ProjectDependencies) = postProject
	EndProjectSection
EndProject
Project("{8BC9CEB8-8B4A-11D0-8D11-00A0C91BC942}") = "createtestdll", "..\createtestdll\createtestdll.vcproj", "{AC1F5EA5-2256-4E27-8D56-D9A5AA71F411}"
	ProjectSection(ProjectDependencies) = postProject
	EndProjectSection
EndProject
Project("{8BC9CEB8-8B4A-11D0-8D11-00A0C91BC942}") = "extend_dstest", "..\extend_dstest\extend_dstest.vcproj", "{1F74A3E0-276B-4A85-BBB0-3421434D5946}"
	ProjectSection(ProjectDependencies) = postProject
	EndProjectSection
EndProject
Project("{8BC9CEB8-8B4A-11D0-8D11-00A0C91BC942}") = "extend_dstestdll", "..\extend_dstestdll\extend_dstestdll.vcproj", "{DA72AC9E-B53E-43B4-A9C1-A1E94F3733CD}"
	ProjectSection(ProjectDependencies) = postProject
	EndProjectSection
EndProject
Project("{8BC9CEB8-8B4A-11D0-8D11-00A0C91BC942}") = "h5grouptest", "..\h5grouptest\h5grouptest.vcproj", "{798DE42A-5B27-4B33-B54A-58D45EFD600B}"
	ProjectSection(ProjectDependencies) = postProject
	EndProjectSection
EndProject
Project("{8BC9CEB8-8B4A-11D0-8D11-00A0C91BC942}") = "h5grouptestdll", "..\h5grouptestdll\h5grouptestdll.vcproj", "{7AABEE0C-3749-49C6-B951-5081BE817897}"
	ProjectSection(ProjectDependencies) = postProject
	EndProjectSection
EndProject
Project("{8BC9CEB8-8B4A-11D0-8D11-00A0C91BC942}") = "readdatatest", "..\readdatatest\readdatatest.vcproj", "{C75DC585-7E3D-472D-AB77-EAE48876FA8C}"
	ProjectSection(ProjectDependencies) = postProject
	EndProjectSection
EndProject
Project("{8BC9CEB8-8B4A-11D0-8D11-00A0C91BC942}") = "readdatatestdll", "..\readdatatestdll\readdatatestdll.vcproj", "{051AA0B9-BC9B-4732-BE21-F3949C6A179B}"
	ProjectSection(ProjectDependencies) = postProject
	EndProjectSection
EndProject
Project("{8BC9CEB8-8B4A-11D0-8D11-00A0C91BC942}") = "writedatatest", "..\writedatatest\writedatatest.vcproj", "{8A70FD1D-7E7E-448B-8F5F-7CF2A414F309}"
	ProjectSection(ProjectDependencies) = postProject
	EndProjectSection
EndProject
Project("{8BC9CEB8-8B4A-11D0-8D11-00A0C91BC942}") = "writedatatestdll", "..\writedatatestdll\writedatatestdll.vcproj", "{562DA812-6FD9-424A-BC3E-044362DC93C1}"
	ProjectSection(ProjectDependencies) = postProject
	EndProjectSection
EndProject
Global
	GlobalSection(SolutionConfiguration) = preSolution
		Debug = Debug
		Release = Release
	EndGlobalSection
	GlobalSection(ProjectDependencies) = postSolution
	EndGlobalSection
	GlobalSection(ProjectConfiguration) = postSolution
		{27E3886B-0BAC-4E00-8F89-163208E03462}.Debug.ActiveCfg = Debug|Win32
		{27E3886B-0BAC-4E00-8F89-163208E03462}.Debug.Build.0 = Debug|Win32
		{27E3886B-0BAC-4E00-8F89-163208E03462}.Release.ActiveCfg = Release|Win32
		{27E3886B-0BAC-4E00-8F89-163208E03462}.Release.Build.0 = Release|Win32
		{9C900514-5BB2-4BA2-B5DF-5FD8572982DC}.Debug.ActiveCfg = Debug|Win32
		{9C900514-5BB2-4BA2-B5DF-5FD8572982DC}.Debug.Build.0 = Debug|Win32
		{9C900514-5BB2-4BA2-B5DF-5FD8572982DC}.Release.ActiveCfg = Release|Win32
		{9C900514-5BB2-4BA2-B5DF-5FD8572982DC}.Release.Build.0 = Release|Win32
		{1D870142-6627-41ED-95C3-31CF9783FE70}.Debug.ActiveCfg = Debug|Win32
		{1D870142-6627-41ED-95C3-31CF9783FE70}.Debug.Build.0 = Debug|Win32
		{1D870142-6627-41ED-95C3-31CF9783FE70}.Release.ActiveCfg = Release|Win32
		{1D870142-6627-41ED-95C3-31CF9783FE70}.Release.Build.0 = Release|Win32
		{8CD35A8A-1D59-4ACE-B684-A7FD9952A45C}.Debug.ActiveCfg = Debug|Win32
		{8CD35A8A-1D59-4ACE-B684-A7FD9952A45C}.Debug.Build.0 = Debug|Win32
		{8CD35A8A-1D59-4ACE-B684-A7FD9952A45C}.Release.ActiveCfg = Release|Win32
		{8CD35A8A-1D59-4ACE-B684-A7FD9952A45C}.Release.Build.0 = Release|Win32
		{F144F936-D02D-4859-9FAA-FED36AC8A0C4}.Debug.ActiveCfg = Debug|Win32
		{F144F936-D02D-4859-9FAA-FED36AC8A0C4}.Debug.Build.0 = Debug|Win32
		{F144F936-D02D-4859-9FAA-FED36AC8A0C4}.Release.ActiveCfg = Release|Win32
		{F144F936-D02D-4859-9FAA-FED36AC8A0C4}.Release.Build.0 = Release|Win32
		{B187A146-D60D-4587-90F5-A501E4B826A6}.Debug.ActiveCfg = Debug|Win32
		{B187A146-D60D-4587-90F5-A501E4B826A6}.Debug.Build.0 = Debug|Win32
		{B187A146-D60D-4587-90F5-A501E4B826A6}.Release.ActiveCfg = Release|Win32
		{B187A146-D60D-4587-90F5-A501E4B826A6}.Release.Build.0 = Release|Win32
		{AC1F5EA5-2256-4E27-8D56-D9A5AA71F411}.Debug.ActiveCfg = Debug|Win32
		{AC1F5EA5-2256-4E27-8D56-D9A5AA71F411}.Debug.Build.0 = Debug|Win32
		{AC1F5EA5-2256-4E27-8D56-D9A5AA71F411}.Release.ActiveCfg = Release|Win32
		{AC1F5EA5-2256-4E27-8D56-D9A5AA71F411}.Release.Build.0 = Release|Win32
		{1F74A3E0-276B-4A85-BBB0-3421434D5946}.Debug.ActiveCfg = Debug|Win32
		{1F74A3E0-276B-4A85-BBB0-3421434D5946}.Debug.Build.0 = Debug|Win32
		{1F74A3E0-276B-4A85-BBB0-3421434D5946}.Release.ActiveCfg = Release|Win32
		{1F74A3E0-276B-4A85-BBB0-3421434D5946}.Release.Build.0 = Release|Win32
		{DA72AC9E-B53E-43B4-A9C1-A1E94F3733CD}.Debug.ActiveCfg = Debug|Win32
		{DA72AC9E-B53E-43B4-A9C1-A1E94F3733CD}.Debug.Build.0 = Debug|Win32
		{DA72AC9E-B53E-43B4-A9C1-A1E94F3733CD}.Release.ActiveCfg = Release|Win32
		{DA72AC9E-B53E-43B4-A9C1-A1E94F3733CD}.Release.Build.0 = Release|Win32
		{798DE42A-5B27-4B33-B54A-58D45EFD600B}.Debug.ActiveCfg = Debug|Win32
		{798DE42A-5B27-4B33-B54A-58D45EFD600B}.Debug.Build.0 = Debug|Win32
		{798DE42A-5B27-4B33-B54A-58D45EFD600B}.Release.ActiveCfg = Release|Win32
		{798DE42A-5B27-4B33-B54A-58D45EFD600B}.Release.Build.0 = Release|Win32
		{7AABEE0C-3749-49C6-B951-5081BE817897}.Debug.ActiveCfg = Debug|Win32
		{7AABEE0C-3749-49C6-B951-5081BE817897}.Debug.Build.0 = Debug|Win32
		{7AABEE0C-3749-49C6-B951-5081BE817897}.Release.ActiveCfg = Release|Win32
		{7AABEE0C-3749-49C6-B951-5081BE817897}.Release.Build.0 = Release|Win32
		{C75DC585-7E3D-472D-AB77-EAE48876FA8C}.Debug.ActiveCfg = Debug|Win32
		{C75DC585-7E3D-472D-AB77-EAE48876FA8C}.Debug.Build.0 = Debug|Win32
		{C75DC585-7E3D-472D-AB77-EAE48876FA8C}.Release.ActiveCfg = Release|Win32
		{C75DC585-7E3D-472D-AB77-EAE48876FA8C}.Release.Build.0 = Release|Win32
		{051AA0B9-BC9B-4732-BE21-F3949C6A179B}.Debug.ActiveCfg = Debug|Win32
		{051AA0B9-BC9B-4732-BE21-F3949C6A179B}.Debug.Build.0 = Debug|Win32
		{051AA0B9-BC9B-4732-BE21-F3949C6A179B}.Release.ActiveCfg = Release|Win32
		{051AA0B9-BC9B-4732-BE21-F3949C6A179B}.Release.Build.0 = Release|Win32
		{8A70FD1D-7E7E-448B-8F5F-7CF2A414F309}.Debug.ActiveCfg = Debug|Win32
		{8A70FD1D-7E7E-448B-8F5F-7CF2A414F309}.Debug.Build.0 = Debug|Win32
		{8A70FD1D-7E7E-448B-8F5F-7CF2A414F309}.Release.ActiveCfg = Release|Win32
		{8A70FD1D-7E7E-448B-8F5F-7CF2A414F309}.Release.Build.0 = Release|Win32
		{562DA812-6FD9-424A-BC3E-044362DC93C1}.Debug.ActiveCfg = Debug|Win32
		{562DA812-6FD9-424A-BC3E-044362DC93C1}.Debug.Build.0 = Debug|Win32
		{562DA812-6FD9-424A-BC3E-044362DC93C1}.Release.ActiveCfg = Release|Win32
		{562DA812-6FD9-424A-BC3E-044362DC93C1}.Release.Build.0 = Release|Win32
	EndGlobalSection
	GlobalSection(ExtensibilityGlobals) = postSolution
	EndGlobalSection
	GlobalSection(ExtensibilityAddIns) = postSolution
	EndGlobalSection
EndGlobal
