Microsoft Visual Studio Solution File, Format Version 8.00
Project("{6989167D-11E4-40FE-8C1A-2192A86A7E90}") = "H5fortran_detect", "H5fortran_detect.vfproj", "{4D3CE514-F22D-4FBC-82FF-7A3BE15DAE10}"
	ProjectSection(ProjectDependencies) = postProject
	EndProjectSection
EndProject
Global
	GlobalSection(SolutionConfiguration) = preSolution
		Debug = Debug
		Release = Release
	EndGlobalSection
	GlobalSection(ProjectDependencies) = postSolution
	EndGlobalSection
	GlobalSection(ProjectConfiguration) = postSolution
		{4D3CE514-F22D-4FBC-82FF-7A3BE15DAE10}.Debug.ActiveCfg = Debug|Win32
		{4D3CE514-F22D-4FBC-82FF-7A3BE15DAE10}.Debug.Build.0 = Debug|Win32
		{4D3CE514-F22D-4FBC-82FF-7A3BE15DAE10}.Release.ActiveCfg = Release|Win32
		{4D3CE514-F22D-4FBC-82FF-7A3BE15DAE10}.Release.Build.0 = Release|Win32
	EndGlobalSection
	GlobalSection(ExtensibilityGlobals) = postSolution
	EndGlobalSection
	GlobalSection(ExtensibilityAddIns) = postSolution
	EndGlobalSection
EndGlobal
