Microsoft Visual Studio Solution File, Format Version 8.00
Project("{8BC9CEB8-8B4A-11D0-8D11-00A0C91BC942}") = "allhlf90examples", "allhlf90examples.vcproj", "{64F43EAB-0F7D-4D4F-B01D-52C698C97FDF}"
	ProjectSection(ProjectDependencies) = postProject
		{7B837653-CEF4-4B2D-8EB8-29ECC4A1F042} = {7B837653-CEF4-4B2D-8EB8-29ECC4A1F042}
		{3EB0EFA7-69F8-4541-8565-EC7AD3603DBB} = {3EB0EFA7-69F8-4541-8565-EC7AD3603DBB}
	EndProjectSection
EndProject
Project("{6989167D-11E4-40FE-8C1A-2192A86A7E90}") = "ex_lite", "..\ex_lite\ex_lite.vfproj", "{7B837653-CEF4-4B2D-8EB8-29ECC4A1F042}"
	ProjectSection(ProjectDependencies) = postProject
	EndProjectSection
EndProject
Project("{6989167D-11E4-40FE-8C1A-2192A86A7E90}") = "ex_litedll", "..\ex_litedll\ex_litedll.vfproj", "{3EB0EFA7-69F8-4541-8565-EC7AD3603DBB}"
	ProjectSection(ProjectDependencies) = postProject
	EndProjectSection
EndProject
Global
	GlobalSection(SolutionConfiguration) = preSolution
		Debug = Debug
		Release = Release
	EndGlobalSection
	GlobalSection(ProjectDependencies) = postSolution
	EndGlobalSection
	GlobalSection(ProjectConfiguration) = postSolution
		{64F43EAB-0F7D-4D4F-B01D-52C698C97FDF}.Debug.ActiveCfg = Debug|Win32
		{64F43EAB-0F7D-4D4F-B01D-52C698C97FDF}.Debug.Build.0 = Debug|Win32
		{64F43EAB-0F7D-4D4F-B01D-52C698C97FDF}.Release.ActiveCfg = Release|Win32
		{64F43EAB-0F7D-4D4F-B01D-52C698C97FDF}.Release.Build.0 = Release|Win32
		{7B837653-CEF4-4B2D-8EB8-29ECC4A1F042}.Debug.ActiveCfg = Debug|Win32
		{7B837653-CEF4-4B2D-8EB8-29ECC4A1F042}.Debug.Build.0 = Debug|Win32
		{7B837653-CEF4-4B2D-8EB8-29ECC4A1F042}.Release.ActiveCfg = Release|Win32
		{7B837653-CEF4-4B2D-8EB8-29ECC4A1F042}.Release.Build.0 = Release|Win32
		{3EB0EFA7-69F8-4541-8565-EC7AD3603DBB}.Debug.ActiveCfg = Debug|Win32
		{3EB0EFA7-69F8-4541-8565-EC7AD3603DBB}.Debug.Build.0 = Debug|Win32
		{3EB0EFA7-69F8-4541-8565-EC7AD3603DBB}.Release.ActiveCfg = Release|Win32
		{3EB0EFA7-69F8-4541-8565-EC7AD3603DBB}.Release.Build.0 = Release|Win32
	EndGlobalSection
	GlobalSection(ExtensibilityGlobals) = postSolution
	EndGlobalSection
	GlobalSection(ExtensibilityAddIns) = postSolution
	EndGlobalSection
EndGlobal
