Microsoft Visual Studio Solution File, Format Version 8.00
Project("{8BC9CEB8-8B4A-11D0-8D11-00A0C91BC942}") = "allcppexamples", "allcppexamples.vcproj", "{F59624FD-22EF-4F24-9474-69C50E14677B}"
	ProjectSection(ProjectDependencies) = postProject
		{330ACBB8-5C20-4D30-955C-BAC22F3CFB67} = {330ACBB8-5C20-4D30-955C-BAC22F3CFB67}
		{B9FEF00C-51E0-4A38-B147-2F2AA1F4ED79} = {B9FEF00C-51E0-4A38-B147-2F2AA1F4ED79}
		{82EDD0C4-282A-4728-AE42-5F40D8613949} = {82EDD0C4-282A-4728-AE42-5F40D8613949}
		{10645037-9B53-4822-9FC2-87623A64E945} = {10645037-9B53-4822-9FC2-87623A64E945}
		{965C75AF-3EC1-4DE9-8998-FD9313A82E3B} = {965C75AF-3EC1-4DE9-8998-FD9313A82E3B}
		{328654CD-5A78-4C0C-A0C0-D4111C42A5E3} = {328654CD-5A78-4C0C-A0C0-D4111C42A5E3}
		{ADFF89E8-94EC-46D9-B0AF-80BE49887A75} = {ADFF89E8-94EC-46D9-B0AF-80BE49887A75}
		{6CEA8882-4BF0-449B-8379-0CEB1406F204} = {6CEA8882-4BF0-449B-8379-0CEB1406F204}
		{95222A72-4FEF-474D-ABB7-3FF0EB7ABEFD} = {95222A72-4FEF-474D-ABB7-3FF0EB7ABEFD}
		{4A6BB543-ADA6-405D-8487-FDBC239AFCA0} = {4A6BB543-ADA6-405D-8487-FDBC239AFCA0}
		{6953F380-4B08-46D6-9578-5A2692ECCB81} = {6953F380-4B08-46D6-9578-5A2692ECCB81}
		{A3A335AB-786C-4641-B99A-9E494E9906FB} = {A3A335AB-786C-4641-B99A-9E494E9906FB}
		{71B6A625-4985-4C33-B496-11F85F41B4A8} = {71B6A625-4985-4C33-B496-11F85F41B4A8}
		{07247C62-2372-4EDA-98E2-86C174D02F81} = {07247C62-2372-4EDA-98E2-86C174D02F81}
	EndProjectSection
EndProject
Project("{8BC9CEB8-8B4A-11D0-8D11-00A0C91BC942}") = "chunkstest", "..\chunkstest\chunkstest.vcproj", "{6CEA8882-4BF0-449B-8379-0CEB1406F204}"
	ProjectSection(ProjectDependencies) = postProject
	EndProjectSection
EndProject
Project("{8BC9CEB8-8B4A-11D0-8D11-00A0C91BC942}") = "chunkstestdll", "..\chunkstestdll\chunkstestdll.vcproj", "{ADFF89E8-94EC-46D9-B0AF-80BE49887A75}"
	ProjectSection(ProjectDependencies) = postProject
	EndProjectSection
EndProject
Project("{8BC9CEB8-8B4A-11D0-8D11-00A0C91BC942}") = "compoundtest", "..\compoundtest\compoundtest.vcproj", "{07247C62-2372-4EDA-98E2-86C174D02F81}"
	ProjectSection(ProjectDependencies) = postProject
	EndProjectSection
EndProject
Project("{8BC9CEB8-8B4A-11D0-8D11-00A0C91BC942}") = "compoundtestdll", "..\compoundtestdll\compoundtestdll.vcproj", "{328654CD-5A78-4C0C-A0C0-D4111C42A5E3}"
	ProjectSection(ProjectDependencies) = postProject
	EndProjectSection
EndProject
Project("{8BC9CEB8-8B4A-11D0-8D11-00A0C91BC942}") = "createtest", "..\createtest\createtest.vcproj", "{71B6A625-4985-4C33-B496-11F85F41B4A8}"
	ProjectSection(ProjectDependencies) = postProject
	EndProjectSection
EndProject
Project("{8BC9CEB8-8B4A-11D0-8D11-00A0C91BC942}") = "createtestdll", "..\createtestdll\createtestdll.vcproj", "{965C75AF-3EC1-4DE9-8998-FD9313A82E3B}"
	ProjectSection(ProjectDependencies) = postProject
	EndProjectSection
EndProject
Project("{8BC9CEB8-8B4A-11D0-8D11-00A0C91BC942}") = "extend_dstest", "..\extend_dstest\extend_dstest.vcproj", "{A3A335AB-786C-4641-B99A-9E494E9906FB}"
	ProjectSection(ProjectDependencies) = postProject
	EndProjectSection
EndProject
Project("{8BC9CEB8-8B4A-11D0-8D11-00A0C91BC942}") = "extend_dstestdll", "..\extend_dstestdll\extend_dstestdll.vcproj", "{10645037-9B53-4822-9FC2-87623A64E945}"
	ProjectSection(ProjectDependencies) = postProject
	EndProjectSection
EndProject
Project("{8BC9CEB8-8B4A-11D0-8D11-00A0C91BC942}") = "h5grouptest", "..\h5grouptest\h5grouptest.vcproj", "{6953F380-4B08-46D6-9578-5A2692ECCB81}"
	ProjectSection(ProjectDependencies) = postProject
	EndProjectSection
EndProject
Project("{8BC9CEB8-8B4A-11D0-8D11-00A0C91BC942}") = "h5grouptestdll", "..\h5grouptestdll\h5grouptestdll.vcproj", "{82EDD0C4-282A-4728-AE42-5F40D8613949}"
	ProjectSection(ProjectDependencies) = postProject
	EndProjectSection
EndProject
Project("{8BC9CEB8-8B4A-11D0-8D11-00A0C91BC942}") = "readdatatest", "..\readdatatest\readdatatest.vcproj", "{4A6BB543-ADA6-405D-8487-FDBC239AFCA0}"
	ProjectSection(ProjectDependencies) = postProject
	EndProjectSection
EndProject
Project("{8BC9CEB8-8B4A-11D0-8D11-00A0C91BC942}") = "readdatatestdll", "..\readdatatestdll\readdatatestdll.vcproj", "{B9FEF00C-51E0-4A38-B147-2F2AA1F4ED79}"
	ProjectSection(ProjectDependencies) = postProject
	EndProjectSection
EndProject
Project("{8BC9CEB8-8B4A-11D0-8D11-00A0C91BC942}") = "writedatatest", "..\writedatatest\writedatatest.vcproj", "{95222A72-4FEF-474D-ABB7-3FF0EB7ABEFD}"
	ProjectSection(ProjectDependencies) = postProject
	EndProjectSection
EndProject
Project("{8BC9CEB8-8B4A-11D0-8D11-00A0C91BC942}") = "writedatatestdll", "..\writedatatestdll\writedatatestdll.vcproj", "{330ACBB8-5C20-4D30-955C-BAC22F3CFB67}"
	ProjectSection(ProjectDependencies) = postProject
	EndProjectSection
EndProject
Global
	GlobalSection(SolutionConfiguration) = preSolution
		Debug = Debug
		Release = Release
	EndGlobalSection
	GlobalSection(ProjectDependencies) = postSolution
	EndGlobalSection
	GlobalSection(ProjectConfiguration) = postSolution
		{F59624FD-22EF-4F24-9474-69C50E14677B}.Debug.ActiveCfg = Debug|Win32
		{F59624FD-22EF-4F24-9474-69C50E14677B}.Debug.Build.0 = Debug|Win32
		{F59624FD-22EF-4F24-9474-69C50E14677B}.Release.ActiveCfg = Release|Win32
		{F59624FD-22EF-4F24-9474-69C50E14677B}.Release.Build.0 = Release|Win32
		{6CEA8882-4BF0-449B-8379-0CEB1406F204}.Debug.ActiveCfg = Debug|Win32
		{6CEA8882-4BF0-449B-8379-0CEB1406F204}.Debug.Build.0 = Debug|Win32
		{6CEA8882-4BF0-449B-8379-0CEB1406F204}.Release.ActiveCfg = Release|Win32
		{6CEA8882-4BF0-449B-8379-0CEB1406F204}.Release.Build.0 = Release|Win32
		{ADFF89E8-94EC-46D9-B0AF-80BE49887A75}.Debug.ActiveCfg = Debug|Win32
		{ADFF89E8-94EC-46D9-B0AF-80BE49887A75}.Debug.Build.0 = Debug|Win32
		{ADFF89E8-94EC-46D9-B0AF-80BE49887A75}.Release.ActiveCfg = Release|Win32
		{ADFF89E8-94EC-46D9-B0AF-80BE49887A75}.Release.Build.0 = Release|Win32
		{07247C62-2372-4EDA-98E2-86C174D02F81}.Debug.ActiveCfg = Debug|Win32
		{07247C62-2372-4EDA-98E2-86C174D02F81}.Debug.Build.0 = Debug|Win32
		{07247C62-2372-4EDA-98E2-86C174D02F81}.Release.ActiveCfg = Release|Win32
		{07247C62-2372-4EDA-98E2-86C174D02F81}.Release.Build.0 = Release|Win32
		{328654CD-5A78-4C0C-A0C0-D4111C42A5E3}.Debug.ActiveCfg = Debug|Win32
		{328654CD-5A78-4C0C-A0C0-D4111C42A5E3}.Debug.Build.0 = Debug|Win32
		{328654CD-5A78-4C0C-A0C0-D4111C42A5E3}.Release.ActiveCfg = Release|Win32
		{328654CD-5A78-4C0C-A0C0-D4111C42A5E3}.Release.Build.0 = Release|Win32
		{71B6A625-4985-4C33-B496-11F85F41B4A8}.Debug.ActiveCfg = Debug|Win32
		{71B6A625-4985-4C33-B496-11F85F41B4A8}.Debug.Build.0 = Debug|Win32
		{71B6A625-4985-4C33-B496-11F85F41B4A8}.Release.ActiveCfg = Release|Win32
		{71B6A625-4985-4C33-B496-11F85F41B4A8}.Release.Build.0 = Release|Win32
		{965C75AF-3EC1-4DE9-8998-FD9313A82E3B}.Debug.ActiveCfg = Debug|Win32
		{965C75AF-3EC1-4DE9-8998-FD9313A82E3B}.Debug.Build.0 = Debug|Win32
		{965C75AF-3EC1-4DE9-8998-FD9313A82E3B}.Release.ActiveCfg = Release|Win32
		{965C75AF-3EC1-4DE9-8998-FD9313A82E3B}.Release.Build.0 = Release|Win32
		{A3A335AB-786C-4641-B99A-9E494E9906FB}.Debug.ActiveCfg = Debug|Win32
		{A3A335AB-786C-4641-B99A-9E494E9906FB}.Debug.Build.0 = Debug|Win32
		{A3A335AB-786C-4641-B99A-9E494E9906FB}.Release.ActiveCfg = Release|Win32
		{A3A335AB-786C-4641-B99A-9E494E9906FB}.Release.Build.0 = Release|Win32
		{10645037-9B53-4822-9FC2-87623A64E945}.Debug.ActiveCfg = Debug|Win32
		{10645037-9B53-4822-9FC2-87623A64E945}.Debug.Build.0 = Debug|Win32
		{10645037-9B53-4822-9FC2-87623A64E945}.Release.ActiveCfg = Release|Win32
		{10645037-9B53-4822-9FC2-87623A64E945}.Release.Build.0 = Release|Win32
		{6953F380-4B08-46D6-9578-5A2692ECCB81}.Debug.ActiveCfg = Debug|Win32
		{6953F380-4B08-46D6-9578-5A2692ECCB81}.Debug.Build.0 = Debug|Win32
		{6953F380-4B08-46D6-9578-5A2692ECCB81}.Release.ActiveCfg = Release|Win32
		{6953F380-4B08-46D6-9578-5A2692ECCB81}.Release.Build.0 = Release|Win32
		{82EDD0C4-282A-4728-AE42-5F40D8613949}.Debug.ActiveCfg = Debug|Win32
		{82EDD0C4-282A-4728-AE42-5F40D8613949}.Debug.Build.0 = Debug|Win32
		{82EDD0C4-282A-4728-AE42-5F40D8613949}.Release.ActiveCfg = Release|Win32
		{82EDD0C4-282A-4728-AE42-5F40D8613949}.Release.Build.0 = Release|Win32
		{4A6BB543-ADA6-405D-8487-FDBC239AFCA0}.Debug.ActiveCfg = Debug|Win32
		{4A6BB543-ADA6-405D-8487-FDBC239AFCA0}.Debug.Build.0 = Debug|Win32
		{4A6BB543-ADA6-405D-8487-FDBC239AFCA0}.Release.ActiveCfg = Release|Win32
		{4A6BB543-ADA6-405D-8487-FDBC239AFCA0}.Release.Build.0 = Release|Win32
		{B9FEF00C-51E0-4A38-B147-2F2AA1F4ED79}.Debug.ActiveCfg = Debug|Win32
		{B9FEF00C-51E0-4A38-B147-2F2AA1F4ED79}.Debug.Build.0 = Debug|Win32
		{B9FEF00C-51E0-4A38-B147-2F2AA1F4ED79}.Release.ActiveCfg = Release|Win32
		{B9FEF00C-51E0-4A38-B147-2F2AA1F4ED79}.Release.Build.0 = Release|Win32
		{95222A72-4FEF-474D-ABB7-3FF0EB7ABEFD}.Debug.ActiveCfg = Debug|Win32
		{95222A72-4FEF-474D-ABB7-3FF0EB7ABEFD}.Debug.Build.0 = Debug|Win32
		{95222A72-4FEF-474D-ABB7-3FF0EB7ABEFD}.Release.ActiveCfg = Release|Win32
		{95222A72-4FEF-474D-ABB7-3FF0EB7ABEFD}.Release.Build.0 = Release|Win32
		{330ACBB8-5C20-4D30-955C-BAC22F3CFB67}.Debug.ActiveCfg = Debug|Win32
		{330ACBB8-5C20-4D30-955C-BAC22F3CFB67}.Debug.Build.0 = Debug|Win32
		{330ACBB8-5C20-4D30-955C-BAC22F3CFB67}.Release.ActiveCfg = Release|Win32
		{330ACBB8-5C20-4D30-955C-BAC22F3CFB67}.Release.Build.0 = Release|Win32
	EndGlobalSection
	GlobalSection(ExtensibilityGlobals) = postSolution
	EndGlobalSection
	GlobalSection(ExtensibilityAddIns) = postSolution
	EndGlobalSection
EndGlobal
