Microsoft Visual Studio Solution File, Format Version 8.00
Project("{8BC9CEB8-8B4A-11D0-8D11-00A0C91BC942}") = "allhlcexamples", "allhlcexamples.vcproj", "{6B659D89-A5D6-4DF4-B6AF-74BEBE5961E5}"
	ProjectSection(ProjectDependencies) = postProject
		{50FEC639-EBCF-4F19-B535-ABECE5707A93} = {50FEC639-EBCF-4F19-B535-ABECE5707A93}
		{133F4A96-DD6D-4B13-BADC-7587F845D253} = {133F4A96-DD6D-4B13-BADC-7587F845D253}
		{C6B12522-10FD-4E4A-AD4E-AD28A6011CF0} = {C6B12522-10FD-4E4A-AD4E-AD28A6011CF0}
		{99EDFA69-68D6-43F7-A4DB-1C2739D8364C} = {99EDFA69-68D6-43F7-A4DB-1C2739D8364C}
		{5526D330-EDC2-4620-8816-44D4196E2372} = {5526D330-EDC2-4620-8816-44D4196E2372}
		{31018018-AC76-4F43-846C-F8B1DCE676FD} = {31018018-AC76-4F43-846C-F8B1DCE676FD}
		{BA597B44-B102-4E95-98F4-03C9ABD02A62} = {BA597B44-B102-4E95-98F4-03C9ABD02A62}
		{643A1F28-6553-43B9-9F26-DD5FE2448559} = {643A1F28-6553-43B9-9F26-DD5FE2448559}
		{79DE1C67-FE07-41FE-A8C9-154CD2C0280D} = {79DE1C67-FE07-41FE-A8C9-154CD2C0280D}
		{154DCDF3-E08F-4881-B2D4-776B26C9D5DA} = {154DCDF3-E08F-4881-B2D4-776B26C9D5DA}
	EndProjectSection
EndProject
Project("{8BC9CEB8-8B4A-11D0-8D11-00A0C91BC942}") = "ex_ds1", "..\ex_ds1\ex_ds1.vcproj", "{99EDFA69-68D6-43F7-A4DB-1C2739D8364C}"
	ProjectSection(ProjectDependencies) = postProject
	EndProjectSection
EndProject
Project("{8BC9CEB8-8B4A-11D0-8D11-00A0C91BC942}") = "ex_ds1dll", "..\ex_ds1dll\ex_ds1dll.vcproj", "{C6B12522-10FD-4E4A-AD4E-AD28A6011CF0}"
	ProjectSection(ProjectDependencies) = postProject
	EndProjectSection
EndProject
Project("{8BC9CEB8-8B4A-11D0-8D11-00A0C91BC942}") = "ex_image1", "..\ex_image1\ex_image1.vcproj", "{154DCDF3-E08F-4881-B2D4-776B26C9D5DA}"
	ProjectSection(ProjectDependencies) = postProject
	EndProjectSection
EndProject
Project("{8BC9CEB8-8B4A-11D0-8D11-00A0C91BC942}") = "ex_image1dll", "..\ex_image1dll\ex_image1dll.vcproj", "{79DE1C67-FE07-41FE-A8C9-154CD2C0280D}"
	ProjectSection(ProjectDependencies) = postProject
	EndProjectSection
EndProject
Project("{8BC9CEB8-8B4A-11D0-8D11-00A0C91BC942}") = "ex_lite1", "..\ex_lite1\ex_lite1.vcproj", "{643A1F28-6553-43B9-9F26-DD5FE2448559}"
	ProjectSection(ProjectDependencies) = postProject
	EndProjectSection
EndProject
Project("{8BC9CEB8-8B4A-11D0-8D11-00A0C91BC942}") = "ex_lite1dll", "..\ex_lite1dll\ex_lite1dll.vcproj", "{BA597B44-B102-4E95-98F4-03C9ABD02A62}"
	ProjectSection(ProjectDependencies) = postProject
	EndProjectSection
EndProject
Project("{8BC9CEB8-8B4A-11D0-8D11-00A0C91BC942}") = "ptExampleFL", "..\ptExampleFL\ptExampleFL.vcproj", "{133F4A96-DD6D-4B13-BADC-7587F845D253}"
	ProjectSection(ProjectDependencies) = postProject
	EndProjectSection
EndProject
Project("{8BC9CEB8-8B4A-11D0-8D11-00A0C91BC942}") = "ptExampleFLdll", "..\ptExampleFLdll\ptExampleFLdll.vcproj", "{50FEC639-EBCF-4F19-B535-ABECE5707A93}"
	ProjectSection(ProjectDependencies) = postProject
	EndProjectSection
EndProject
Project("{8BC9CEB8-8B4A-11D0-8D11-00A0C91BC942}") = "ex_table01", "..\ex_table01\ex_table01.vcproj", "{31018018-AC76-4F43-846C-F8B1DCE676FD}"
	ProjectSection(ProjectDependencies) = postProject
	EndProjectSection
EndProject
Project("{8BC9CEB8-8B4A-11D0-8D11-00A0C91BC942}") = "ex_table01dll", "..\ex_table01dll\ex_table01dll.vcproj", "{5526D330-EDC2-4620-8816-44D4196E2372}"
	ProjectSection(ProjectDependencies) = postProject
	EndProjectSection
EndProject
Global
	GlobalSection(SolutionConfiguration) = preSolution
		Debug = Debug
		Release = Release
	EndGlobalSection
	GlobalSection(ProjectDependencies) = postSolution
	EndGlobalSection
	GlobalSection(ProjectConfiguration) = postSolution
		{6B659D89-A5D6-4DF4-B6AF-74BEBE5961E5}.Debug.ActiveCfg = Debug|Win32
		{6B659D89-A5D6-4DF4-B6AF-74BEBE5961E5}.Debug.Build.0 = Debug|Win32
		{6B659D89-A5D6-4DF4-B6AF-74BEBE5961E5}.Release.ActiveCfg = Release|Win32
		{6B659D89-A5D6-4DF4-B6AF-74BEBE5961E5}.Release.Build.0 = Release|Win32
		{99EDFA69-68D6-43F7-A4DB-1C2739D8364C}.Debug.ActiveCfg = Debug|Win32
		{99EDFA69-68D6-43F7-A4DB-1C2739D8364C}.Debug.Build.0 = Debug|Win32
		{99EDFA69-68D6-43F7-A4DB-1C2739D8364C}.Release.ActiveCfg = Release|Win32
		{99EDFA69-68D6-43F7-A4DB-1C2739D8364C}.Release.Build.0 = Release|Win32
		{C6B12522-10FD-4E4A-AD4E-AD28A6011CF0}.Debug.ActiveCfg = Debug|Win32
		{C6B12522-10FD-4E4A-AD4E-AD28A6011CF0}.Debug.Build.0 = Debug|Win32
		{C6B12522-10FD-4E4A-AD4E-AD28A6011CF0}.Release.ActiveCfg = Release|Win32
		{C6B12522-10FD-4E4A-AD4E-AD28A6011CF0}.Release.Build.0 = Release|Win32
		{154DCDF3-E08F-4881-B2D4-776B26C9D5DA}.Debug.ActiveCfg = Debug|Win32
		{154DCDF3-E08F-4881-B2D4-776B26C9D5DA}.Debug.Build.0 = Debug|Win32
		{154DCDF3-E08F-4881-B2D4-776B26C9D5DA}.Release.ActiveCfg = Release|Win32
		{154DCDF3-E08F-4881-B2D4-776B26C9D5DA}.Release.Build.0 = Release|Win32
		{79DE1C67-FE07-41FE-A8C9-154CD2C0280D}.Debug.ActiveCfg = Debug|Win32
		{79DE1C67-FE07-41FE-A8C9-154CD2C0280D}.Debug.Build.0 = Debug|Win32
		{79DE1C67-FE07-41FE-A8C9-154CD2C0280D}.Release.ActiveCfg = Release|Win32
		{79DE1C67-FE07-41FE-A8C9-154CD2C0280D}.Release.Build.0 = Release|Win32
		{643A1F28-6553-43B9-9F26-DD5FE2448559}.Debug.ActiveCfg = Debug|Win32
		{643A1F28-6553-43B9-9F26-DD5FE2448559}.Debug.Build.0 = Debug|Win32
		{643A1F28-6553-43B9-9F26-DD5FE2448559}.Release.ActiveCfg = Release|Win32
		{643A1F28-6553-43B9-9F26-DD5FE2448559}.Release.Build.0 = Release|Win32
		{BA597B44-B102-4E95-98F4-03C9ABD02A62}.Debug.ActiveCfg = Debug|Win32
		{BA597B44-B102-4E95-98F4-03C9ABD02A62}.Debug.Build.0 = Debug|Win32
		{BA597B44-B102-4E95-98F4-03C9ABD02A62}.Release.ActiveCfg = Release|Win32
		{BA597B44-B102-4E95-98F4-03C9ABD02A62}.Release.Build.0 = Release|Win32
		{133F4A96-DD6D-4B13-BADC-7587F845D253}.Debug.ActiveCfg = Debug|Win32
		{133F4A96-DD6D-4B13-BADC-7587F845D253}.Debug.Build.0 = Debug|Win32
		{133F4A96-DD6D-4B13-BADC-7587F845D253}.Release.ActiveCfg = Release|Win32
		{133F4A96-DD6D-4B13-BADC-7587F845D253}.Release.Build.0 = Release|Win32
		{50FEC639-EBCF-4F19-B535-ABECE5707A93}.Debug.ActiveCfg = Debug|Win32
		{50FEC639-EBCF-4F19-B535-ABECE5707A93}.Debug.Build.0 = Debug|Win32
		{50FEC639-EBCF-4F19-B535-ABECE5707A93}.Release.ActiveCfg = Release|Win32
		{50FEC639-EBCF-4F19-B535-ABECE5707A93}.Release.Build.0 = Release|Win32
		{31018018-AC76-4F43-846C-F8B1DCE676FD}.Debug.ActiveCfg = Debug|Win32
		{31018018-AC76-4F43-846C-F8B1DCE676FD}.Debug.Build.0 = Debug|Win32
		{31018018-AC76-4F43-846C-F8B1DCE676FD}.Release.ActiveCfg = Release|Win32
		{31018018-AC76-4F43-846C-F8B1DCE676FD}.Release.Build.0 = Release|Win32
		{5526D330-EDC2-4620-8816-44D4196E2372}.Debug.ActiveCfg = Debug|Win32
		{5526D330-EDC2-4620-8816-44D4196E2372}.Debug.Build.0 = Debug|Win32
		{5526D330-EDC2-4620-8816-44D4196E2372}.Release.ActiveCfg = Release|Win32
		{5526D330-EDC2-4620-8816-44D4196E2372}.Release.Build.0 = Release|Win32
	EndGlobalSection
	GlobalSection(ExtensibilityGlobals) = postSolution
	EndGlobalSection
	GlobalSection(ExtensibilityAddIns) = postSolution
	EndGlobalSection
EndGlobal
